
Microsoft Visual Studio Solution File, Format Version 12.00
# Visual Studio Version 17
VisualStudioVersion = 17.5.33516.290
MinimumVisualStudioVersion = 10.0.40219.1
Project("{2150E333-8FDC-42A3-9474-1A3956D46DE8}") = "Notes", "Notes", "{C1D2AD80-3BA6-4A12-A5C5-7CC80E469917}"
EndProject
Project("{2150E333-8FDC-42A3-9474-1A3956D46DE8}") = "Solution Items", "Solution Items", "{87EC319C-A724-4B97-BEC2-60A30E63BD60}"
	ProjectSection(SolutionItems) = preProject
		introduction.md = introduction.md
		readme.md = readme.md
		Versions.md = Versions.md
	EndProjectSection
EndProject
Project("{9A19103F-16F7-4668-BE54-9A1E7A4F7556}") = "Blazr.OneWayStreet", "Source\Libraries\Blazr.OneWayStreet\Blazr.OneWayStreet.csproj", "{498E8154-7133-4F4D-B823-1F9DD19A8F69}"
EndProject
Project("{2150E333-8FDC-42A3-9474-1A3956D46DE8}") = "Source", "Source", "{912343FF-D33F-4969-9AB9-AA84C82FC74D}"
EndProject
Project("{2150E333-8FDC-42A3-9474-1A3956D46DE8}") = "Libraries", "Libraries", "{80DC2536-BE3D-414A-8B73-D72BE3086C1E}"
EndProject
Project("{2150E333-8FDC-42A3-9474-1A3956D46DE8}") = "Application", "Application", "{05D8360C-8EEA-45D3-8BC0-8A677F7D9C9F}"
EndProject
Project("{2150E333-8FDC-42A3-9474-1A3956D46DE8}") = "Deployments", "Deployments", "{228826B3-C2FA-4CEF-9A64-507F31E10FD1}"
EndProject
Project("{9A19103F-16F7-4668-BE54-9A1E7A4F7556}") = "Blazr.App.Core", "Source\Application\Blazr.App.Core\Blazr.App.Core.csproj", "{D90A2A9A-99D0-4A7A-A900-3985FCFCF059}"
EndProject
Project("{9A19103F-16F7-4668-BE54-9A1E7A4F7556}") = "Blazr.App.Infrastructure", "Source\Application\Blazr.App.Infrastructure\Blazr.App.Infrastructure.csproj", "{DE4573B1-EC2C-4ED3-9153-E717F182B212}"
EndProject
Project("{2150E333-8FDC-42A3-9474-1A3956D46DE8}") = "Tests", "Tests", "{13C3801F-296B-4739-8674-AC93765FFB89}"
EndProject
Project("{9A19103F-16F7-4668-BE54-9A1E7A4F7556}") = "Blazr.OneWayStreet.EntityFramework", "Source\Libraries\Blazr.OneWayStreet.EntityFramework\Blazr.OneWayStreet.EntityFramework.csproj", "{2BA5DECE-8F05-445A-8A25-02362B11B884}"
EndProject
Project("{9A19103F-16F7-4668-BE54-9A1E7A4F7556}") = "Blazr.OneWayStreet.API", "Source\Libraries\Blazr.OneWayStreet.API\Blazr.OneWayStreet.API.csproj", "{E0AC43C7-5107-4441-BB3A-D63FA21870DF}"
EndProject
Project("{9A19103F-16F7-4668-BE54-9A1E7A4F7556}") = "Blazr.OneWayStreet.Test", "Test\Blazor.OneWayStreet.Test\Blazr.OneWayStreet.Test.csproj", "{2AEB59C7-BE68-4086-B1AF-4C2A6F686BFE}"
EndProject
Global
	GlobalSection(SolutionConfigurationPlatforms) = preSolution
		Debug|Any CPU = Debug|Any CPU
		Release|Any CPU = Release|Any CPU
	EndGlobalSection
	GlobalSection(ProjectConfigurationPlatforms) = postSolution
		{498E8154-7133-4F4D-B823-1F9DD19A8F69}.Debug|Any CPU.ActiveCfg = Debug|Any CPU
		{498E8154-7133-4F4D-B823-1F9DD19A8F69}.Debug|Any CPU.Build.0 = Debug|Any CPU
		{498E8154-7133-4F4D-B823-1F9DD19A8F69}.Release|Any CPU.ActiveCfg = Release|Any CPU
		{498E8154-7133-4F4D-B823-1F9DD19A8F69}.Release|Any CPU.Build.0 = Release|Any CPU
		{D90A2A9A-99D0-4A7A-A900-3985FCFCF059}.Debug|Any CPU.ActiveCfg = Debug|Any CPU
		{D90A2A9A-99D0-4A7A-A900-3985FCFCF059}.Debug|Any CPU.Build.0 = Debug|Any CPU
		{D90A2A9A-99D0-4A7A-A900-3985FCFCF059}.Release|Any CPU.ActiveCfg = Release|Any CPU
		{D90A2A9A-99D0-4A7A-A900-3985FCFCF059}.Release|Any CPU.Build.0 = Release|Any CPU
		{DE4573B1-EC2C-4ED3-9153-E717F182B212}.Debug|Any CPU.ActiveCfg = Debug|Any CPU
		{DE4573B1-EC2C-4ED3-9153-E717F182B212}.Debug|Any CPU.Build.0 = Debug|Any CPU
		{DE4573B1-EC2C-4ED3-9153-E717F182B212}.Release|Any CPU.ActiveCfg = Release|Any CPU
		{DE4573B1-EC2C-4ED3-9153-E717F182B212}.Release|Any CPU.Build.0 = Release|Any CPU
		{2BA5DECE-8F05-445A-8A25-02362B11B884}.Debug|Any CPU.ActiveCfg = Debug|Any CPU
		{2BA5DECE-8F05-445A-8A25-02362B11B884}.Debug|Any CPU.Build.0 = Debug|Any CPU
		{2BA5DECE-8F05-445A-8A25-02362B11B884}.Release|Any CPU.ActiveCfg = Release|Any CPU
		{2BA5DECE-8F05-445A-8A25-02362B11B884}.Release|Any CPU.Build.0 = Release|Any CPU
		{E0AC43C7-5107-4441-BB3A-D63FA21870DF}.Debug|Any CPU.ActiveCfg = Debug|Any CPU
		{E0AC43C7-5107-4441-BB3A-D63FA21870DF}.Debug|Any CPU.Build.0 = Debug|Any CPU
		{E0AC43C7-5107-4441-BB3A-D63FA21870DF}.Release|Any CPU.ActiveCfg = Release|Any CPU
		{E0AC43C7-5107-4441-BB3A-D63FA21870DF}.Release|Any CPU.Build.0 = Release|Any CPU
		{2AEB59C7-BE68-4086-B1AF-4C2A6F686BFE}.Debug|Any CPU.ActiveCfg = Debug|Any CPU
		{2AEB59C7-BE68-4086-B1AF-4C2A6F686BFE}.Debug|Any CPU.Build.0 = Debug|Any CPU
		{2AEB59C7-BE68-4086-B1AF-4C2A6F686BFE}.Release|Any CPU.ActiveCfg = Release|Any CPU
		{2AEB59C7-BE68-4086-B1AF-4C2A6F686BFE}.Release|Any CPU.Build.0 = Release|Any CPU
	EndGlobalSection
	GlobalSection(SolutionProperties) = preSolution
		HideSolutionNode = FALSE
	EndGlobalSection
	GlobalSection(NestedProjects) = preSolution
		{498E8154-7133-4F4D-B823-1F9DD19A8F69} = {80DC2536-BE3D-414A-8B73-D72BE3086C1E}
		{80DC2536-BE3D-414A-8B73-D72BE3086C1E} = {912343FF-D33F-4969-9AB9-AA84C82FC74D}
		{05D8360C-8EEA-45D3-8BC0-8A677F7D9C9F} = {912343FF-D33F-4969-9AB9-AA84C82FC74D}
		{228826B3-C2FA-4CEF-9A64-507F31E10FD1} = {912343FF-D33F-4969-9AB9-AA84C82FC74D}
		{D90A2A9A-99D0-4A7A-A900-3985FCFCF059} = {05D8360C-8EEA-45D3-8BC0-8A677F7D9C9F}
		{DE4573B1-EC2C-4ED3-9153-E717F182B212} = {05D8360C-8EEA-45D3-8BC0-8A677F7D9C9F}
		{2BA5DECE-8F05-445A-8A25-02362B11B884} = {80DC2536-BE3D-414A-8B73-D72BE3086C1E}
		{E0AC43C7-5107-4441-BB3A-D63FA21870DF} = {80DC2536-BE3D-414A-8B73-D72BE3086C1E}
		{2AEB59C7-BE68-4086-B1AF-4C2A6F686BFE} = {13C3801F-296B-4739-8674-AC93765FFB89}
	EndGlobalSection
	GlobalSection(ExtensibilityGlobals) = postSolution
		SolutionGuid = {BCFBDD43-7B05-4F6E-85F2-C3AEB20071C9}
	EndGlobalSection
EndGlobal
